
Microsoft Visual Studio Solution File, Format Version 12.00
# Visual Studio Version 16
VisualStudioVersion = 16.0.30330.147
MinimumVisualStudioVersion = 10.0.40219.1
Project("{9A19103F-16F7-4668-BE54-9A1E7A4F7556}") = "Budgeter", "Budgeter\Budgeter.csproj", "{9C73B826-61DB-45EB-83DD-FA3E01629365}"
EndProject
Project("{9A19103F-16F7-4668-BE54-9A1E7A4F7556}") = "BudgeterShared", "BudgeterShared\BudgeterShared.csproj", "{34224223-BE37-45D9-B9CB-9F03AC150258}"
EndProject
Project("{FAE04EC0-301F-11D3-BF4B-00C04F79EFBC}") = "BudgeterAPI", "BudgeterAPI\BudgeterAPI.csproj", "{0C242044-85D5-4C20-959C-735F3F65CB90}"
EndProject
Global
	GlobalSection(SolutionConfigurationPlatforms) = preSolution
		Debug|Any CPU = Debug|Any CPU
		Release|Any CPU = Release|Any CPU
	EndGlobalSection
	GlobalSection(ProjectConfigurationPlatforms) = postSolution
		{9C73B826-61DB-45EB-83DD-FA3E01629365}.Debug|Any CPU.ActiveCfg = Debug|Any CPU
		{9C73B826-61DB-45EB-83DD-FA3E01629365}.Debug|Any CPU.Build.0 = Debug|Any CPU
		{9C73B826-61DB-45EB-83DD-FA3E01629365}.Release|Any CPU.ActiveCfg = Release|Any CPU
		{9C73B826-61DB-45EB-83DD-FA3E01629365}.Release|Any CPU.Build.0 = Release|Any CPU
		{34224223-BE37-45D9-B9CB-9F03AC150258}.Debug|Any CPU.ActiveCfg = Debug|Any CPU
		{34224223-BE37-45D9-B9CB-9F03AC150258}.Debug|Any CPU.Build.0 = Debug|Any CPU
		{34224223-BE37-45D9-B9CB-9F03AC150258}.Release|Any CPU.ActiveCfg = Release|Any CPU
		{34224223-BE37-45D9-B9CB-9F03AC150258}.Release|Any CPU.Build.0 = Release|Any CPU
		{0C242044-85D5-4C20-959C-735F3F65CB90}.Debug|Any CPU.ActiveCfg = Debug|Any CPU
		{0C242044-85D5-4C20-959C-735F3F65CB90}.Debug|Any CPU.Build.0 = Debug|Any CPU
		{0C242044-85D5-4C20-959C-735F3F65CB90}.Release|Any CPU.ActiveCfg = Release|Any CPU
		{0C242044-85D5-4C20-959C-735F3F65CB90}.Release|Any CPU.Build.0 = Release|Any CPU
	EndGlobalSection
	GlobalSection(SolutionProperties) = preSolution
		HideSolutionNode = FALSE
	EndGlobalSection
	GlobalSection(ExtensibilityGlobals) = postSolution
		SolutionGuid = {FF6550A8-D5BD-41F2-A828-A4235695C565}
	EndGlobalSection
EndGlobal
